schema: '2.0'
stages:
  train:
    cmd: '"C:\Program Files\Python310\python.exe" gb_train.py'
    deps:
    - path: iris_data.csv
      hash: md5
      md5: 21d441a28bce4417276097df955afc50
      size: 2928
    outs:
    - path: confusion_matrix_gb.png
      hash: md5
      md5: d0b9d9ea0b2de2e280a126e211dd6e11
      size: 26120
    - path: metrics_gb.json
      hash: md5
      md5: 6f16e9a83d70dda99c47f22fe0c4acf2
      size: 184
