schema: '2.0'
stages:
  train:
    cmd: '"C:\Program Files\Python310\python.exe" gb_train.py'
    deps:
    - path: iris_data.csv
      hash: md5
      md5: 21d441a28bce4417276097df955afc50
      size: 2928
    outs:
    - path: confusion_matrix.png
      hash: md5
      md5: 8f67b5cd2dba33b614f5f03cd7d6fdf8
      size: 24217
    - path: metrics.json
      hash: md5
      md5: e3a5963e0f5bd0e1c3fc3b29acea3f2e
      size: 185
